
Microsoft Visual Studio Solution File, Format Version 12.00
# Visual Studio 15
VisualStudioVersion = 15.0.28307.539
MinimumVisualStudioVersion = 10.0.40219.1
Project("{FAE04EC0-301F-11D3-BF4B-00C04F79EFBC}") = "csvManager", "csvManager\csvManager.csproj", "{B0D98679-C041-47A6-88E7-C282C03766D8}"
EndProject
Project("{FAE04EC0-301F-11D3-BF4B-00C04F79EFBC}") = "UndoTest", "UndoTest\UndoTest.csproj", "{BA71ED8F-963D-41B5-8FD2-AB6609190612}"
EndProject
Project("{FAE04EC0-301F-11D3-BF4B-00C04F79EFBC}") = "InvokeTest", "InvokeTest\InvokeTest.csproj", "{CA49E818-C637-40B4-AB4D-C96AC5CB0E13}"
EndProject
Global
	GlobalSection(SolutionConfigurationPlatforms) = preSolution
		Debug|Any CPU = Debug|Any CPU
		Release|Any CPU = Release|Any CPU
	EndGlobalSection
	GlobalSection(ProjectConfigurationPlatforms) = postSolution
		{B0D98679-C041-47A6-88E7-C282C03766D8}.Debug|Any CPU.ActiveCfg = Debug|Any CPU
		{B0D98679-C041-47A6-88E7-C282C03766D8}.Debug|Any CPU.Build.0 = Debug|Any CPU
		{B0D98679-C041-47A6-88E7-C282C03766D8}.Release|Any CPU.ActiveCfg = Release|Any CPU
		{B0D98679-C041-47A6-88E7-C282C03766D8}.Release|Any CPU.Build.0 = Release|Any CPU
		{BA71ED8F-963D-41B5-8FD2-AB6609190612}.Debug|Any CPU.ActiveCfg = Debug|Any CPU
		{BA71ED8F-963D-41B5-8FD2-AB6609190612}.Debug|Any CPU.Build.0 = Debug|Any CPU
		{BA71ED8F-963D-41B5-8FD2-AB6609190612}.Release|Any CPU.ActiveCfg = Release|Any CPU
		{BA71ED8F-963D-41B5-8FD2-AB6609190612}.Release|Any CPU.Build.0 = Release|Any CPU
		{CA49E818-C637-40B4-AB4D-C96AC5CB0E13}.Debug|Any CPU.ActiveCfg = Debug|Any CPU
		{CA49E818-C637-40B4-AB4D-C96AC5CB0E13}.Debug|Any CPU.Build.0 = Debug|Any CPU
		{CA49E818-C637-40B4-AB4D-C96AC5CB0E13}.Release|Any CPU.ActiveCfg = Release|Any CPU
		{CA49E818-C637-40B4-AB4D-C96AC5CB0E13}.Release|Any CPU.Build.0 = Release|Any CPU
	EndGlobalSection
	GlobalSection(SolutionProperties) = preSolution
		HideSolutionNode = FALSE
	EndGlobalSection
	GlobalSection(ExtensibilityGlobals) = postSolution
		SolutionGuid = {AED5E2B4-D2DF-4374-A6AA-FF671AFAD9B0}
	EndGlobalSection
EndGlobal
